{
  "nodes": {
    "devenv": {
      "locked": {
        "dir": "src/modules",
        "lastModified": 1790381990,
        "narHash": "sha256-lsJCcmLVHvvT28o7fA1KZHFgUdubtwhegqn4baJQeUg=",
        "owner": "cachix",
        "repo": "devenv",
        "rev": "a5c34429421e077df6f8f133e502617bedc22206",
        "type": "github"
      },
      "original": {
        "dir": "src/modules",
        "owner": "cachix",
        "repo": "devenv",
        "type": "github"
      }
    },
    "nixpkgs": {
      "locked": {
        "lastModified": 1790401143,
        "narHash": "sha256-tbcYR1uBsKVxzMCHfgMs9iLsnbIjW+UuNxHFIHsAeUE=",
        "owner": "nixos",
        "repo": "nixpkgs",
        "rev": "5f5458dc42bf4391dc5f85e7682decb8c78e8756",
        "type": "github"
      },
      "original": {
        "owner": "nixos",
        "ref": "master",
        "repo": "nixpkgs",
        "type": "github"
      }
    },
    "root": {
      "inputs": {
        "devenv": "devenv",
        "nixpkgs": "nixpkgs"
      }
    }
  },
  "root": "root",
  "version": 7
}